
Microsoft Visual Studio Solution File, Format Version 12.00
# Visual Studio 15
VisualStudioVersion = 15.0.27130.2010
MinimumVisualStudioVersion = 10.0.40219.1
Project("{FAE04EC0-301F-11D3-BF4B-00C04F79EFBC}") = "Login", "Login\Login.csproj", "{6866A5D9-0CAF-4B72-AFA2-ECFDC6DF4D37}"
EndProject
Project("{00D1A9C2-B5F0-4AF3-8072-F6C62B433612}") = "LoginDB", "LoginDB\LoginDB.sqlproj", "{CAACA5C1-71A0-4B92-892B-492CE70F394D}"
EndProject
Project("{FAE04EC0-301F-11D3-BF4B-00C04F79EFBC}") = "DataAccess", "DataAccess\DataAccess.csproj", "{88841840-3D33-4770-ACFF-6C9B35C634E8}"
EndProject
Project("{FAE04EC0-301F-11D3-BF4B-00C04F79EFBC}") = "Repositories", "Repositories\Repositories.csproj", "{8A399552-7721-4F37-91A0-19D792AC27BB}"
EndProject
Global
	GlobalSection(SolutionConfigurationPlatforms) = preSolution
		Debug|Any CPU = Debug|Any CPU
		Release|Any CPU = Release|Any CPU
	EndGlobalSection
	GlobalSection(ProjectConfigurationPlatforms) = postSolution
		{6866A5D9-0CAF-4B72-AFA2-ECFDC6DF4D37}.Debug|Any CPU.ActiveCfg = Debug|Any CPU
		{6866A5D9-0CAF-4B72-AFA2-ECFDC6DF4D37}.Debug|Any CPU.Build.0 = Debug|Any CPU
		{6866A5D9-0CAF-4B72-AFA2-ECFDC6DF4D37}.Release|Any CPU.ActiveCfg = Release|Any CPU
		{6866A5D9-0CAF-4B72-AFA2-ECFDC6DF4D37}.Release|Any CPU.Build.0 = Release|Any CPU
		{CAACA5C1-71A0-4B92-892B-492CE70F394D}.Debug|Any CPU.ActiveCfg = Debug|Any CPU
		{CAACA5C1-71A0-4B92-892B-492CE70F394D}.Debug|Any CPU.Build.0 = Debug|Any CPU
		{CAACA5C1-71A0-4B92-892B-492CE70F394D}.Debug|Any CPU.Deploy.0 = Debug|Any CPU
		{CAACA5C1-71A0-4B92-892B-492CE70F394D}.Release|Any CPU.ActiveCfg = Release|Any CPU
		{CAACA5C1-71A0-4B92-892B-492CE70F394D}.Release|Any CPU.Build.0 = Release|Any CPU
		{CAACA5C1-71A0-4B92-892B-492CE70F394D}.Release|Any CPU.Deploy.0 = Release|Any CPU
		{88841840-3D33-4770-ACFF-6C9B35C634E8}.Debug|Any CPU.ActiveCfg = Debug|Any CPU
		{88841840-3D33-4770-ACFF-6C9B35C634E8}.Debug|Any CPU.Build.0 = Debug|Any CPU
		{88841840-3D33-4770-ACFF-6C9B35C634E8}.Release|Any CPU.ActiveCfg = Release|Any CPU
		{88841840-3D33-4770-ACFF-6C9B35C634E8}.Release|Any CPU.Build.0 = Release|Any CPU
		{8A399552-7721-4F37-91A0-19D792AC27BB}.Debug|Any CPU.ActiveCfg = Debug|Any CPU
		{8A399552-7721-4F37-91A0-19D792AC27BB}.Debug|Any CPU.Build.0 = Debug|Any CPU
		{8A399552-7721-4F37-91A0-19D792AC27BB}.Release|Any CPU.ActiveCfg = Release|Any CPU
		{8A399552-7721-4F37-91A0-19D792AC27BB}.Release|Any CPU.Build.0 = Release|Any CPU
	EndGlobalSection
	GlobalSection(SolutionProperties) = preSolution
		HideSolutionNode = FALSE
	EndGlobalSection
	GlobalSection(ExtensibilityGlobals) = postSolution
		SolutionGuid = {5454C116-AAA2-45AD-9F10-022B919826A0}
	EndGlobalSection
EndGlobal
